
Microsoft Visual Studio Solution File, Format Version 12.00
# Visual Studio Version 16
VisualStudioVersion = 16.0.28922.388
MinimumVisualStudioVersion = 10.0.40219.1
Project("{FAE04EC0-301F-11D3-BF4B-00C04F79EFBC}") = "HackerRank", "HackerRank\HackerRank.csproj", "{9A180541-04DA-4E13-97C4-3B13968ACC78}"
EndProject
Global
	GlobalSection(SolutionConfigurationPlatforms) = preSolution
		Debug|Any CPU = Debug|Any CPU
		Release|Any CPU = Release|Any CPU
	EndGlobalSection
	GlobalSection(ProjectConfigurationPlatforms) = postSolution
		{9A180541-04DA-4E13-97C4-3B13968ACC78}.Debug|Any CPU.ActiveCfg = Debug|Any CPU
		{9A180541-04DA-4E13-97C4-3B13968ACC78}.Debug|Any CPU.Build.0 = Debug|Any CPU
		{9A180541-04DA-4E13-97C4-3B13968ACC78}.Release|Any CPU.ActiveCfg = Release|Any CPU
		{9A180541-04DA-4E13-97C4-3B13968ACC78}.Release|Any CPU.Build.0 = Release|Any CPU
	EndGlobalSection
	GlobalSection(SolutionProperties) = preSolution
		HideSolutionNode = FALSE
	EndGlobalSection
	GlobalSection(ExtensibilityGlobals) = postSolution
		SolutionGuid = {B0C9ACEC-2D52-410C-883F-3EE031EA82FA}
	EndGlobalSection
EndGlobal
